
Microsoft Visual Studio Solution File, Format Version 9.00
# Visual Studio 2005
Project("{FAE04EC0-301F-11D3-BF4B-00C04F79EFBC}") = "Demo R.O.S.E.LTB.Editor", "Demo R.O.S.E.LTB.Editor\Demo R.O.S.E.LTB.Editor.csproj", "{98522A37-9E5D-47E8-9AB4-5D981F899FFD}"
EndProject
Global
	GlobalSection(SolutionConfigurationPlatforms) = preSolution
		Debug|Any CPU = Debug|Any CPU
		Release|Any CPU = Release|Any CPU
	EndGlobalSection
	GlobalSection(ProjectConfigurationPlatforms) = postSolution
		{98522A37-9E5D-47E8-9AB4-5D981F899FFD}.Debug|Any CPU.ActiveCfg = Debug|Any CPU
		{98522A37-9E5D-47E8-9AB4-5D981F899FFD}.Debug|Any CPU.Build.0 = Debug|Any CPU
		{98522A37-9E5D-47E8-9AB4-5D981F899FFD}.Release|Any CPU.ActiveCfg = Release|Any CPU
		{98522A37-9E5D-47E8-9AB4-5D981F899FFD}.Release|Any CPU.Build.0 = Release|Any CPU
	EndGlobalSection
	GlobalSection(SolutionProperties) = preSolution
		HideSolutionNode = FALSE
	EndGlobalSection
EndGlobal
