
Microsoft Visual Studio Solution File, Format Version 9.00
# Visual Studio 2005
Project("{FAE04EC0-301F-11D3-BF4B-00C04F79EFBC}") = "Demo G.O.S.E.VFS.Editor", "Demo G.O.S.E.VFS.Editor\Demo G.O.S.E.VFS.Editor.csproj", "{D1D6BF2F-E923-4F4E-B51E-CD66B60937A5}"
EndProject
Global
	GlobalSection(SolutionConfigurationPlatforms) = preSolution
		Debug|Any CPU = Debug|Any CPU
		Release|Any CPU = Release|Any CPU
	EndGlobalSection
	GlobalSection(ProjectConfigurationPlatforms) = postSolution
		{D1D6BF2F-E923-4F4E-B51E-CD66B60937A5}.Debug|Any CPU.ActiveCfg = Debug|Any CPU
		{D1D6BF2F-E923-4F4E-B51E-CD66B60937A5}.Debug|Any CPU.Build.0 = Debug|Any CPU
		{D1D6BF2F-E923-4F4E-B51E-CD66B60937A5}.Release|Any CPU.ActiveCfg = Release|Any CPU
		{D1D6BF2F-E923-4F4E-B51E-CD66B60937A5}.Release|Any CPU.Build.0 = Release|Any CPU
	EndGlobalSection
	GlobalSection(SolutionProperties) = preSolution
		HideSolutionNode = FALSE
	EndGlobalSection
EndGlobal
