
Microsoft Visual Studio Solution File, Format Version 10.00
# Visual Studio 2008
Project("{8BC9CEB8-8B4A-11D0-8D11-00A0C91BC942}") = "Demo.Mmose.Misc", "Demo.Mmose.Misc\Demo.Mmose.Misc.vcproj", "{5BEEE314-521F-45A5-BC79-D5B2299BAC7B}"
EndProject
Project("{FAE04EC0-301F-11D3-BF4B-00C04F79EFBC}") = "Demo.Mmose.Core", "Demo.Mmose.Core\Demo.Mmose.Core.csproj", "{18C925D1-4184-46C2-ACD7-32AC0763D897}"
EndProject
Project("{FAE04EC0-301F-11D3-BF4B-00C04F79EFBC}") = "system_threading", "system_threading\system_threading.csproj", "{C8C17D33-FC7E-46E7-BAB2-131048F7416C}"
EndProject
Global
	GlobalSection(SolutionConfigurationPlatforms) = preSolution
		Debug|Any CPU = Debug|Any CPU
		Debug|Itanium = Debug|Itanium
		Debug|Mixed Platforms = Debug|Mixed Platforms
		Debug|Win32 = Debug|Win32
		Debug|x64 = Debug|x64
		Debug|x86 = Debug|x86
		Only Misc Build Debug|Any CPU = Only Misc Build Debug|Any CPU
		Only Misc Build Debug|Itanium = Only Misc Build Debug|Itanium
		Only Misc Build Debug|Mixed Platforms = Only Misc Build Debug|Mixed Platforms
		Only Misc Build Debug|Win32 = Only Misc Build Debug|Win32
		Only Misc Build Debug|x64 = Only Misc Build Debug|x64
		Only Misc Build Debug|x86 = Only Misc Build Debug|x86
		Only Misc Build Release|Any CPU = Only Misc Build Release|Any CPU
		Only Misc Build Release|Itanium = Only Misc Build Release|Itanium
		Only Misc Build Release|Mixed Platforms = Only Misc Build Release|Mixed Platforms
		Only Misc Build Release|Win32 = Only Misc Build Release|Win32
		Only Misc Build Release|x64 = Only Misc Build Release|x64
		Only Misc Build Release|x86 = Only Misc Build Release|x86
		Release|Any CPU = Release|Any CPU
		Release|Itanium = Release|Itanium
		Release|Mixed Platforms = Release|Mixed Platforms
		Release|Win32 = Release|Win32
		Release|x64 = Release|x64
		Release|x86 = Release|x86
	EndGlobalSection
	GlobalSection(ProjectConfigurationPlatforms) = postSolution
		{5BEEE314-521F-45A5-BC79-D5B2299BAC7B}.Debug|Any CPU.ActiveCfg = Debug|Win32
		{5BEEE314-521F-45A5-BC79-D5B2299BAC7B}.Debug|Itanium.ActiveCfg = Debug|Win32
		{5BEEE314-521F-45A5-BC79-D5B2299BAC7B}.Debug|Mixed Platforms.ActiveCfg = Debug|Win32
		{5BEEE314-521F-45A5-BC79-D5B2299BAC7B}.Debug|Mixed Platforms.Build.0 = Debug|Win32
		{5BEEE314-521F-45A5-BC79-D5B2299BAC7B}.Debug|Win32.ActiveCfg = Debug|Win32
		{5BEEE314-521F-45A5-BC79-D5B2299BAC7B}.Debug|Win32.Build.0 = Debug|Win32
		{5BEEE314-521F-45A5-BC79-D5B2299BAC7B}.Debug|x64.ActiveCfg = Debug|Win32
		{5BEEE314-521F-45A5-BC79-D5B2299BAC7B}.Debug|x86.ActiveCfg = Debug|Win32
		{5BEEE314-521F-45A5-BC79-D5B2299BAC7B}.Only Misc Build Debug|Any CPU.ActiveCfg = Debug|Win32
		{5BEEE314-521F-45A5-BC79-D5B2299BAC7B}.Only Misc Build Debug|Itanium.ActiveCfg = Debug|Win32
		{5BEEE314-521F-45A5-BC79-D5B2299BAC7B}.Only Misc Build Debug|Mixed Platforms.ActiveCfg = Debug|Win32
		{5BEEE314-521F-45A5-BC79-D5B2299BAC7B}.Only Misc Build Debug|Mixed Platforms.Build.0 = Debug|Win32
		{5BEEE314-521F-45A5-BC79-D5B2299BAC7B}.Only Misc Build Debug|Win32.ActiveCfg = Debug|Win32
		{5BEEE314-521F-45A5-BC79-D5B2299BAC7B}.Only Misc Build Debug|Win32.Build.0 = Debug|Win32
		{5BEEE314-521F-45A5-BC79-D5B2299BAC7B}.Only Misc Build Debug|x64.ActiveCfg = Debug|Win32
		{5BEEE314-521F-45A5-BC79-D5B2299BAC7B}.Only Misc Build Debug|x86.ActiveCfg = Debug|Win32
		{5BEEE314-521F-45A5-BC79-D5B2299BAC7B}.Only Misc Build Release|Any CPU.ActiveCfg = Release|Win32
		{5BEEE314-521F-45A5-BC79-D5B2299BAC7B}.Only Misc Build Release|Itanium.ActiveCfg = Release|Win32
		{5BEEE314-521F-45A5-BC79-D5B2299BAC7B}.Only Misc Build Release|Mixed Platforms.ActiveCfg = Release|Win32
		{5BEEE314-521F-45A5-BC79-D5B2299BAC7B}.Only Misc Build Release|Mixed Platforms.Build.0 = Release|Win32
		{5BEEE314-521F-45A5-BC79-D5B2299BAC7B}.Only Misc Build Release|Win32.ActiveCfg = Release|Win32
		{5BEEE314-521F-45A5-BC79-D5B2299BAC7B}.Only Misc Build Release|Win32.Build.0 = Release|Win32
		{5BEEE314-521F-45A5-BC79-D5B2299BAC7B}.Only Misc Build Release|x64.ActiveCfg = Release|Win32
		{5BEEE314-521F-45A5-BC79-D5B2299BAC7B}.Only Misc Build Release|x86.ActiveCfg = Release|Win32
		{5BEEE314-521F-45A5-BC79-D5B2299BAC7B}.Release|Any CPU.ActiveCfg = Release|Win32
		{5BEEE314-521F-45A5-BC79-D5B2299BAC7B}.Release|Itanium.ActiveCfg = Release|Win32
		{5BEEE314-521F-45A5-BC79-D5B2299BAC7B}.Release|Mixed Platforms.ActiveCfg = Release|Win32
		{5BEEE314-521F-45A5-BC79-D5B2299BAC7B}.Release|Mixed Platforms.Build.0 = Release|Win32
		{5BEEE314-521F-45A5-BC79-D5B2299BAC7B}.Release|Win32.ActiveCfg = Release|Win32
		{5BEEE314-521F-45A5-BC79-D5B2299BAC7B}.Release|Win32.Build.0 = Release|Win32
		{5BEEE314-521F-45A5-BC79-D5B2299BAC7B}.Release|x64.ActiveCfg = Release|Win32
		{5BEEE314-521F-45A5-BC79-D5B2299BAC7B}.Release|x86.ActiveCfg = Release|Win32
		{18C925D1-4184-46C2-ACD7-32AC0763D897}.Debug|Any CPU.ActiveCfg = Debug|Any CPU
		{18C925D1-4184-46C2-ACD7-32AC0763D897}.Debug|Any CPU.Build.0 = Debug|Any CPU
		{18C925D1-4184-46C2-ACD7-32AC0763D897}.Debug|Itanium.ActiveCfg = Debug|Itanium
		{18C925D1-4184-46C2-ACD7-32AC0763D897}.Debug|Itanium.Build.0 = Debug|Itanium
		{18C925D1-4184-46C2-ACD7-32AC0763D897}.Debug|Mixed Platforms.ActiveCfg = Debug|x86
		{18C925D1-4184-46C2-ACD7-32AC0763D897}.Debug|Mixed Platforms.Build.0 = Debug|x86
		{18C925D1-4184-46C2-ACD7-32AC0763D897}.Debug|Win32.ActiveCfg = Debug|x86
		{18C925D1-4184-46C2-ACD7-32AC0763D897}.Debug|x64.ActiveCfg = Debug|x64
		{18C925D1-4184-46C2-ACD7-32AC0763D897}.Debug|x64.Build.0 = Debug|x64
		{18C925D1-4184-46C2-ACD7-32AC0763D897}.Debug|x86.ActiveCfg = Debug|x86
		{18C925D1-4184-46C2-ACD7-32AC0763D897}.Debug|x86.Build.0 = Debug|x86
		{18C925D1-4184-46C2-ACD7-32AC0763D897}.Only Misc Build Debug|Any CPU.ActiveCfg = Only Misc Build Debug|Any CPU
		{18C925D1-4184-46C2-ACD7-32AC0763D897}.Only Misc Build Debug|Any CPU.Build.0 = Only Misc Build Debug|Any CPU
		{18C925D1-4184-46C2-ACD7-32AC0763D897}.Only Misc Build Debug|Itanium.ActiveCfg = Only Misc Build Debug|Itanium
		{18C925D1-4184-46C2-ACD7-32AC0763D897}.Only Misc Build Debug|Itanium.Build.0 = Only Misc Build Debug|Itanium
		{18C925D1-4184-46C2-ACD7-32AC0763D897}.Only Misc Build Debug|Mixed Platforms.ActiveCfg = Only Misc Build Debug|x86
		{18C925D1-4184-46C2-ACD7-32AC0763D897}.Only Misc Build Debug|Mixed Platforms.Build.0 = Only Misc Build Debug|x86
		{18C925D1-4184-46C2-ACD7-32AC0763D897}.Only Misc Build Debug|Win32.ActiveCfg = Only Misc Build Debug|x86
		{18C925D1-4184-46C2-ACD7-32AC0763D897}.Only Misc Build Debug|x64.ActiveCfg = Only Misc Build Debug|x64
		{18C925D1-4184-46C2-ACD7-32AC0763D897}.Only Misc Build Debug|x64.Build.0 = Only Misc Build Debug|x64
		{18C925D1-4184-46C2-ACD7-32AC0763D897}.Only Misc Build Debug|x86.ActiveCfg = Only Misc Build Debug|x86
		{18C925D1-4184-46C2-ACD7-32AC0763D897}.Only Misc Build Debug|x86.Build.0 = Only Misc Build Debug|x86
		{18C925D1-4184-46C2-ACD7-32AC0763D897}.Only Misc Build Release|Any CPU.ActiveCfg = Only Misc Build Release|Any CPU
		{18C925D1-4184-46C2-ACD7-32AC0763D897}.Only Misc Build Release|Any CPU.Build.0 = Only Misc Build Release|Any CPU
		{18C925D1-4184-46C2-ACD7-32AC0763D897}.Only Misc Build Release|Itanium.ActiveCfg = Only Misc Build Release|Itanium
		{18C925D1-4184-46C2-ACD7-32AC0763D897}.Only Misc Build Release|Itanium.Build.0 = Only Misc Build Release|Itanium
		{18C925D1-4184-46C2-ACD7-32AC0763D897}.Only Misc Build Release|Mixed Platforms.ActiveCfg = Only Misc Build Release|x86
		{18C925D1-4184-46C2-ACD7-32AC0763D897}.Only Misc Build Release|Mixed Platforms.Build.0 = Only Misc Build Release|x86
		{18C925D1-4184-46C2-ACD7-32AC0763D897}.Only Misc Build Release|Win32.ActiveCfg = Only Misc Build Release|x86
		{18C925D1-4184-46C2-ACD7-32AC0763D897}.Only Misc Build Release|x64.ActiveCfg = Only Misc Build Release|x64
		{18C925D1-4184-46C2-ACD7-32AC0763D897}.Only Misc Build Release|x64.Build.0 = Only Misc Build Release|x64
		{18C925D1-4184-46C2-ACD7-32AC0763D897}.Only Misc Build Release|x86.ActiveCfg = Only Misc Build Release|x86
		{18C925D1-4184-46C2-ACD7-32AC0763D897}.Only Misc Build Release|x86.Build.0 = Only Misc Build Release|x86
		{18C925D1-4184-46C2-ACD7-32AC0763D897}.Release|Any CPU.ActiveCfg = Release|Any CPU
		{18C925D1-4184-46C2-ACD7-32AC0763D897}.Release|Any CPU.Build.0 = Release|Any CPU
		{18C925D1-4184-46C2-ACD7-32AC0763D897}.Release|Itanium.ActiveCfg = Release|Itanium
		{18C925D1-4184-46C2-ACD7-32AC0763D897}.Release|Itanium.Build.0 = Release|Itanium
		{18C925D1-4184-46C2-ACD7-32AC0763D897}.Release|Mixed Platforms.ActiveCfg = Release|x86
		{18C925D1-4184-46C2-ACD7-32AC0763D897}.Release|Mixed Platforms.Build.0 = Release|x86
		{18C925D1-4184-46C2-ACD7-32AC0763D897}.Release|Win32.ActiveCfg = Release|x86
		{18C925D1-4184-46C2-ACD7-32AC0763D897}.Release|x64.ActiveCfg = Release|x64
		{18C925D1-4184-46C2-ACD7-32AC0763D897}.Release|x64.Build.0 = Release|x64
		{18C925D1-4184-46C2-ACD7-32AC0763D897}.Release|x86.ActiveCfg = Release|x86
		{18C925D1-4184-46C2-ACD7-32AC0763D897}.Release|x86.Build.0 = Release|x86
		{C8C17D33-FC7E-46E7-BAB2-131048F7416C}.Debug|Any CPU.ActiveCfg = Debug|Any CPU
		{C8C17D33-FC7E-46E7-BAB2-131048F7416C}.Debug|Any CPU.Build.0 = Debug|Any CPU
		{C8C17D33-FC7E-46E7-BAB2-131048F7416C}.Debug|Itanium.ActiveCfg = Debug|Any CPU
		{C8C17D33-FC7E-46E7-BAB2-131048F7416C}.Debug|Mixed Platforms.ActiveCfg = Debug|Any CPU
		{C8C17D33-FC7E-46E7-BAB2-131048F7416C}.Debug|Mixed Platforms.Build.0 = Debug|Any CPU
		{C8C17D33-FC7E-46E7-BAB2-131048F7416C}.Debug|Win32.ActiveCfg = Debug|Any CPU
		{C8C17D33-FC7E-46E7-BAB2-131048F7416C}.Debug|x64.ActiveCfg = Debug|Any CPU
		{C8C17D33-FC7E-46E7-BAB2-131048F7416C}.Debug|x86.ActiveCfg = Debug|Any CPU
		{C8C17D33-FC7E-46E7-BAB2-131048F7416C}.Only Misc Build Debug|Any CPU.ActiveCfg = Debug|Any CPU
		{C8C17D33-FC7E-46E7-BAB2-131048F7416C}.Only Misc Build Debug|Any CPU.Build.0 = Debug|Any CPU
		{C8C17D33-FC7E-46E7-BAB2-131048F7416C}.Only Misc Build Debug|Itanium.ActiveCfg = Debug|Any CPU
		{C8C17D33-FC7E-46E7-BAB2-131048F7416C}.Only Misc Build Debug|Mixed Platforms.ActiveCfg = Debug|Any CPU
		{C8C17D33-FC7E-46E7-BAB2-131048F7416C}.Only Misc Build Debug|Mixed Platforms.Build.0 = Debug|Any CPU
		{C8C17D33-FC7E-46E7-BAB2-131048F7416C}.Only Misc Build Debug|Win32.ActiveCfg = Debug|Any CPU
		{C8C17D33-FC7E-46E7-BAB2-131048F7416C}.Only Misc Build Debug|x64.ActiveCfg = Debug|Any CPU
		{C8C17D33-FC7E-46E7-BAB2-131048F7416C}.Only Misc Build Debug|x86.ActiveCfg = Debug|Any CPU
		{C8C17D33-FC7E-46E7-BAB2-131048F7416C}.Only Misc Build Release|Any CPU.ActiveCfg = Release|Any CPU
		{C8C17D33-FC7E-46E7-BAB2-131048F7416C}.Only Misc Build Release|Any CPU.Build.0 = Release|Any CPU
		{C8C17D33-FC7E-46E7-BAB2-131048F7416C}.Only Misc Build Release|Itanium.ActiveCfg = Release|Any CPU
		{C8C17D33-FC7E-46E7-BAB2-131048F7416C}.Only Misc Build Release|Mixed Platforms.ActiveCfg = Release|Any CPU
		{C8C17D33-FC7E-46E7-BAB2-131048F7416C}.Only Misc Build Release|Mixed Platforms.Build.0 = Release|Any CPU
		{C8C17D33-FC7E-46E7-BAB2-131048F7416C}.Only Misc Build Release|Win32.ActiveCfg = Release|Any CPU
		{C8C17D33-FC7E-46E7-BAB2-131048F7416C}.Only Misc Build Release|x64.ActiveCfg = Release|Any CPU
		{C8C17D33-FC7E-46E7-BAB2-131048F7416C}.Only Misc Build Release|x86.ActiveCfg = Release|Any CPU
		{C8C17D33-FC7E-46E7-BAB2-131048F7416C}.Release|Any CPU.ActiveCfg = Release|Any CPU
		{C8C17D33-FC7E-46E7-BAB2-131048F7416C}.Release|Any CPU.Build.0 = Release|Any CPU
		{C8C17D33-FC7E-46E7-BAB2-131048F7416C}.Release|Itanium.ActiveCfg = Release|Any CPU
		{C8C17D33-FC7E-46E7-BAB2-131048F7416C}.Release|Mixed Platforms.ActiveCfg = Release|Any CPU
		{C8C17D33-FC7E-46E7-BAB2-131048F7416C}.Release|Mixed Platforms.Build.0 = Release|Any CPU
		{C8C17D33-FC7E-46E7-BAB2-131048F7416C}.Release|Win32.ActiveCfg = Release|Any CPU
		{C8C17D33-FC7E-46E7-BAB2-131048F7416C}.Release|x64.ActiveCfg = Release|Any CPU
		{C8C17D33-FC7E-46E7-BAB2-131048F7416C}.Release|x86.ActiveCfg = Release|Any CPU
	EndGlobalSection
	GlobalSection(SolutionProperties) = preSolution
		HideSolutionNode = FALSE
	EndGlobalSection
	GlobalSection(TeamFoundationVersionControl) = preSolution
		SccNumberOfProjects = 2
		SccEnterpriseProvider = {4CA58AB2-18FA-4F8D-95D4-32DDF27D184C}
		SccTeamFoundationServer = https://tfs05.codeplex.com/
		SccLocalPath0 = .
		SccProjectUniqueName1 = Demo.Mmose.Misc\\Demo.Mmose.Misc.vcproj
		SccProjectName1 = Demo.Mmose.Misc
		SccLocalPath1 = Demo.Mmose.Misc
	EndGlobalSection
EndGlobal
