
Microsoft Visual Studio Solution File, Format Version 10.00
# Visual Studio 2008
Project("{FAE04EC0-301F-11D3-BF4B-00C04F79EFBC}") = "Demo.Mmose.Core", "Demo.Mmose.Core\Demo.Mmose.Core.csproj", "{18C925D1-4184-46C2-ACD7-32AC0763D897}"
EndProject
Project("{FAE04EC0-301F-11D3-BF4B-00C04F79EFBC}") = "Demo.Mmose.Core.Test", "Demo.Mmose.Core.Test\Demo.Mmose.Core.Test.csproj", "{26152E56-005A-4728-8520-8E7C8B5F90E9}"
EndProject
Project("{2150E333-8FDC-42A3-9474-1A3956D46DE8}") = "Solution Items", "Solution Items", "{F54C18CF-D986-408A-B33A-C6967015D988}"
	ProjectSection(SolutionItems) = preProject
		Demo.Mmose.Core.vsmdi = Demo.Mmose.Core.vsmdi
		LocalTestRun.testrunconfig = LocalTestRun.testrunconfig
	EndProjectSection
EndProject
Global
	GlobalSection(TeamFoundationVersionControl) = preSolution
		SccNumberOfProjects = 3
		SccEnterpriseProvider = {4CA58AB2-18FA-4F8D-95D4-32DDF27D184C}
		SccTeamFoundationServer = https://tfs05.codeplex.com/
		SccLocalPath0 = .
		SccProjectUniqueName1 = Demo.Mmose.Core\\Demo.Mmose.Core.csproj
		SccProjectName1 = Demo.Mmose.Core
		SccLocalPath1 = Demo.Mmose.Core
		SccProjectUniqueName2 = Demo.Mmose.Core.Test\\Demo.Mmose.Core.Test.csproj
		SccProjectName2 = Demo.Mmose.Core.Test
		SccLocalPath2 = Demo.Mmose.Core.Test
	EndGlobalSection
	GlobalSection(TestCaseManagementSettings) = postSolution
		CategoryFile = Demo.Mmose.Core.vsmdi
	EndGlobalSection
	GlobalSection(SolutionConfigurationPlatforms) = preSolution
		Debug|Any CPU = Debug|Any CPU
		Debug|Itanium = Debug|Itanium
		Debug|x64 = Debug|x64
		Debug|x86 = Debug|x86
		Only Misc Build Debug|Any CPU = Only Misc Build Debug|Any CPU
		Only Misc Build Debug|Itanium = Only Misc Build Debug|Itanium
		Only Misc Build Debug|x64 = Only Misc Build Debug|x64
		Only Misc Build Debug|x86 = Only Misc Build Debug|x86
		Only Misc Build Release|Any CPU = Only Misc Build Release|Any CPU
		Only Misc Build Release|Itanium = Only Misc Build Release|Itanium
		Only Misc Build Release|x64 = Only Misc Build Release|x64
		Only Misc Build Release|x86 = Only Misc Build Release|x86
		Release|Any CPU = Release|Any CPU
		Release|Itanium = Release|Itanium
		Release|x64 = Release|x64
		Release|x86 = Release|x86
	EndGlobalSection
	GlobalSection(ProjectConfigurationPlatforms) = postSolution
		{18C925D1-4184-46C2-ACD7-32AC0763D897}.Debug|Any CPU.ActiveCfg = Debug|Any CPU
		{18C925D1-4184-46C2-ACD7-32AC0763D897}.Debug|Any CPU.Build.0 = Debug|Any CPU
		{18C925D1-4184-46C2-ACD7-32AC0763D897}.Debug|Itanium.ActiveCfg = Debug|Itanium
		{18C925D1-4184-46C2-ACD7-32AC0763D897}.Debug|Itanium.Build.0 = Debug|Itanium
		{18C925D1-4184-46C2-ACD7-32AC0763D897}.Debug|x64.ActiveCfg = Debug|x64
		{18C925D1-4184-46C2-ACD7-32AC0763D897}.Debug|x64.Build.0 = Debug|x64
		{18C925D1-4184-46C2-ACD7-32AC0763D897}.Debug|x86.ActiveCfg = Debug|x86
		{18C925D1-4184-46C2-ACD7-32AC0763D897}.Debug|x86.Build.0 = Debug|x86
		{18C925D1-4184-46C2-ACD7-32AC0763D897}.Only Misc Build Debug|Any CPU.ActiveCfg = Only Misc Build Debug|Any CPU
		{18C925D1-4184-46C2-ACD7-32AC0763D897}.Only Misc Build Debug|Any CPU.Build.0 = Only Misc Build Debug|Any CPU
		{18C925D1-4184-46C2-ACD7-32AC0763D897}.Only Misc Build Debug|Itanium.ActiveCfg = Only Misc Build Debug|Itanium
		{18C925D1-4184-46C2-ACD7-32AC0763D897}.Only Misc Build Debug|Itanium.Build.0 = Only Misc Build Debug|Itanium
		{18C925D1-4184-46C2-ACD7-32AC0763D897}.Only Misc Build Debug|x64.ActiveCfg = Only Misc Build Debug|x64
		{18C925D1-4184-46C2-ACD7-32AC0763D897}.Only Misc Build Debug|x64.Build.0 = Only Misc Build Debug|x64
		{18C925D1-4184-46C2-ACD7-32AC0763D897}.Only Misc Build Debug|x86.ActiveCfg = Only Misc Build Debug|x86
		{18C925D1-4184-46C2-ACD7-32AC0763D897}.Only Misc Build Debug|x86.Build.0 = Only Misc Build Debug|x86
		{18C925D1-4184-46C2-ACD7-32AC0763D897}.Only Misc Build Release|Any CPU.ActiveCfg = Only Misc Build Release|Any CPU
		{18C925D1-4184-46C2-ACD7-32AC0763D897}.Only Misc Build Release|Any CPU.Build.0 = Only Misc Build Release|Any CPU
		{18C925D1-4184-46C2-ACD7-32AC0763D897}.Only Misc Build Release|Itanium.ActiveCfg = Only Misc Build Release|Itanium
		{18C925D1-4184-46C2-ACD7-32AC0763D897}.Only Misc Build Release|Itanium.Build.0 = Only Misc Build Release|Itanium
		{18C925D1-4184-46C2-ACD7-32AC0763D897}.Only Misc Build Release|x64.ActiveCfg = Only Misc Build Release|x64
		{18C925D1-4184-46C2-ACD7-32AC0763D897}.Only Misc Build Release|x64.Build.0 = Only Misc Build Release|x64
		{18C925D1-4184-46C2-ACD7-32AC0763D897}.Only Misc Build Release|x86.ActiveCfg = Only Misc Build Release|x86
		{18C925D1-4184-46C2-ACD7-32AC0763D897}.Only Misc Build Release|x86.Build.0 = Only Misc Build Release|x86
		{18C925D1-4184-46C2-ACD7-32AC0763D897}.Release|Any CPU.ActiveCfg = Release|Any CPU
		{18C925D1-4184-46C2-ACD7-32AC0763D897}.Release|Any CPU.Build.0 = Release|Any CPU
		{18C925D1-4184-46C2-ACD7-32AC0763D897}.Release|Itanium.ActiveCfg = Release|Itanium
		{18C925D1-4184-46C2-ACD7-32AC0763D897}.Release|Itanium.Build.0 = Release|Itanium
		{18C925D1-4184-46C2-ACD7-32AC0763D897}.Release|x64.ActiveCfg = Release|x64
		{18C925D1-4184-46C2-ACD7-32AC0763D897}.Release|x64.Build.0 = Release|x64
		{18C925D1-4184-46C2-ACD7-32AC0763D897}.Release|x86.ActiveCfg = Release|x86
		{18C925D1-4184-46C2-ACD7-32AC0763D897}.Release|x86.Build.0 = Release|x86
		{26152E56-005A-4728-8520-8E7C8B5F90E9}.Debug|Any CPU.ActiveCfg = Debug|Any CPU
		{26152E56-005A-4728-8520-8E7C8B5F90E9}.Debug|Any CPU.Build.0 = Debug|Any CPU
		{26152E56-005A-4728-8520-8E7C8B5F90E9}.Debug|Itanium.ActiveCfg = Debug|Any CPU
		{26152E56-005A-4728-8520-8E7C8B5F90E9}.Debug|x64.ActiveCfg = Debug|Any CPU
		{26152E56-005A-4728-8520-8E7C8B5F90E9}.Debug|x86.ActiveCfg = Debug|Any CPU
		{26152E56-005A-4728-8520-8E7C8B5F90E9}.Only Misc Build Debug|Any CPU.ActiveCfg = Only Misc Build Debug|Any CPU
		{26152E56-005A-4728-8520-8E7C8B5F90E9}.Only Misc Build Debug|Any CPU.Build.0 = Only Misc Build Debug|Any CPU
		{26152E56-005A-4728-8520-8E7C8B5F90E9}.Only Misc Build Debug|Itanium.ActiveCfg = Only Misc Build Debug|Any CPU
		{26152E56-005A-4728-8520-8E7C8B5F90E9}.Only Misc Build Debug|x64.ActiveCfg = Only Misc Build Debug|Any CPU
		{26152E56-005A-4728-8520-8E7C8B5F90E9}.Only Misc Build Debug|x86.ActiveCfg = Only Misc Build Debug|Any CPU
		{26152E56-005A-4728-8520-8E7C8B5F90E9}.Only Misc Build Release|Any CPU.ActiveCfg = Only Misc Build Release|Any CPU
		{26152E56-005A-4728-8520-8E7C8B5F90E9}.Only Misc Build Release|Any CPU.Build.0 = Only Misc Build Release|Any CPU
		{26152E56-005A-4728-8520-8E7C8B5F90E9}.Only Misc Build Release|Itanium.ActiveCfg = Only Misc Build Release|Any CPU
		{26152E56-005A-4728-8520-8E7C8B5F90E9}.Only Misc Build Release|x64.ActiveCfg = Only Misc Build Release|Any CPU
		{26152E56-005A-4728-8520-8E7C8B5F90E9}.Only Misc Build Release|x86.ActiveCfg = Only Misc Build Release|Any CPU
		{26152E56-005A-4728-8520-8E7C8B5F90E9}.Release|Any CPU.ActiveCfg = Release|Any CPU
		{26152E56-005A-4728-8520-8E7C8B5F90E9}.Release|Any CPU.Build.0 = Release|Any CPU
		{26152E56-005A-4728-8520-8E7C8B5F90E9}.Release|Itanium.ActiveCfg = Release|Any CPU
		{26152E56-005A-4728-8520-8E7C8B5F90E9}.Release|x64.ActiveCfg = Release|Any CPU
		{26152E56-005A-4728-8520-8E7C8B5F90E9}.Release|x86.ActiveCfg = Release|Any CPU
	EndGlobalSection
	GlobalSection(SolutionProperties) = preSolution
		HideSolutionNode = FALSE
	EndGlobalSection
EndGlobal
