
Microsoft Visual Studio Solution File, Format Version 10.00
# Visual Studio 2008
Project("{FAE04EC0-301F-11D3-BF4B-00C04F79EFBC}") = "Demo.Mmose.Sgl.Editor", "Demo.Mmose.Sgl.Editor\Demo.Mmose.Sgl.Editor.csproj", "{83E7C9BB-2E52-413B-8427-E9DA1AFA41B3}"
EndProject
Global
	GlobalSection(TeamFoundationVersionControl) = preSolution
		SccNumberOfProjects = 2
		SccEnterpriseProvider = {4CA58AB2-18FA-4F8D-95D4-32DDF27D184C}
		SccTeamFoundationServer = https://tfs05.codeplex.com/
		SccLocalPath0 = .
		SccProjectUniqueName1 = Demo.Mmose.Sgl.Editor\\Demo.Mmose.Sgl.Editor.csproj
		SccProjectName1 = Demo.Mmose.Sgl.Editor
		SccLocalPath1 = Demo.Mmose.Sgl.Editor
	EndGlobalSection
	GlobalSection(SolutionConfigurationPlatforms) = preSolution
		Debug|Any CPU = Debug|Any CPU
		Demo Debug|Any CPU = Demo Debug|Any CPU
		Demo Release|Any CPU = Demo Release|Any CPU
		Release|Any CPU = Release|Any CPU
	EndGlobalSection
	GlobalSection(ProjectConfigurationPlatforms) = postSolution
		{83E7C9BB-2E52-413B-8427-E9DA1AFA41B3}.Debug|Any CPU.ActiveCfg = Debug|Any CPU
		{83E7C9BB-2E52-413B-8427-E9DA1AFA41B3}.Debug|Any CPU.Build.0 = Debug|Any CPU
		{83E7C9BB-2E52-413B-8427-E9DA1AFA41B3}.Demo Debug|Any CPU.ActiveCfg = Demo Debug|Any CPU
		{83E7C9BB-2E52-413B-8427-E9DA1AFA41B3}.Demo Debug|Any CPU.Build.0 = Demo Debug|Any CPU
		{83E7C9BB-2E52-413B-8427-E9DA1AFA41B3}.Demo Release|Any CPU.ActiveCfg = Demo Release|Any CPU
		{83E7C9BB-2E52-413B-8427-E9DA1AFA41B3}.Demo Release|Any CPU.Build.0 = Demo Release|Any CPU
		{83E7C9BB-2E52-413B-8427-E9DA1AFA41B3}.Release|Any CPU.ActiveCfg = Release|Any CPU
		{83E7C9BB-2E52-413B-8427-E9DA1AFA41B3}.Release|Any CPU.Build.0 = Release|Any CPU
	EndGlobalSection
	GlobalSection(SolutionProperties) = preSolution
		HideSolutionNode = FALSE
	EndGlobalSection
EndGlobal
